
Microsoft Visual Studio Solution File, Format Version 12.00
# Visual Studio 2012
Project("{FAE04EC0-301F-11D3-BF4B-00C04F79EFBC}") = "Behavior", "Behavior\Behavior.csproj", "{A4201C34-B0BA-43F7-80C5-F83F80518E89}"
EndProject
Project("{FAE04EC0-301F-11D3-BF4B-00C04F79EFBC}") = "Behavior.iOS", "iOS\Behavior.iOS.csproj", "{0D4BBA6C-F3F9-4C6E-A979-6B8A94029356}"
EndProject
Project("{FAE04EC0-301F-11D3-BF4B-00C04F79EFBC}") = "Behavior.Droid", "Droid\Behavior.Droid.csproj", "{B49673FD-8BB6-4A33-AEB9-2B0F02F24183}"
EndProject
Global
	GlobalSection(SolutionConfigurationPlatforms) = preSolution
		Debug|Any CPU = Debug|Any CPU
		Release|Any CPU = Release|Any CPU
		Debug|iPhoneSimulator = Debug|iPhoneSimulator
		Release|iPhone = Release|iPhone
		Release|iPhoneSimulator = Release|iPhoneSimulator
		Debug|iPhone = Debug|iPhone
	EndGlobalSection
	GlobalSection(ProjectConfigurationPlatforms) = postSolution
		{A4201C34-B0BA-43F7-80C5-F83F80518E89}.Debug|Any CPU.ActiveCfg = Debug|Any CPU
		{A4201C34-B0BA-43F7-80C5-F83F80518E89}.Debug|Any CPU.Build.0 = Debug|Any CPU
		{A4201C34-B0BA-43F7-80C5-F83F80518E89}.Release|Any CPU.ActiveCfg = Release|Any CPU
		{A4201C34-B0BA-43F7-80C5-F83F80518E89}.Release|Any CPU.Build.0 = Release|Any CPU
		{A4201C34-B0BA-43F7-80C5-F83F80518E89}.Debug|iPhoneSimulator.ActiveCfg = Debug|Any CPU
		{A4201C34-B0BA-43F7-80C5-F83F80518E89}.Debug|iPhoneSimulator.Build.0 = Debug|Any CPU
		{A4201C34-B0BA-43F7-80C5-F83F80518E89}.Release|iPhone.ActiveCfg = Release|Any CPU
		{A4201C34-B0BA-43F7-80C5-F83F80518E89}.Release|iPhone.Build.0 = Release|Any CPU
		{A4201C34-B0BA-43F7-80C5-F83F80518E89}.Release|iPhoneSimulator.ActiveCfg = Release|Any CPU
		{A4201C34-B0BA-43F7-80C5-F83F80518E89}.Release|iPhoneSimulator.Build.0 = Release|Any CPU
		{A4201C34-B0BA-43F7-80C5-F83F80518E89}.Debug|iPhone.ActiveCfg = Debug|Any CPU
		{A4201C34-B0BA-43F7-80C5-F83F80518E89}.Debug|iPhone.Build.0 = Debug|Any CPU
		{0D4BBA6C-F3F9-4C6E-A979-6B8A94029356}.Debug|Any CPU.ActiveCfg = Debug|iPhoneSimulator
		{0D4BBA6C-F3F9-4C6E-A979-6B8A94029356}.Debug|Any CPU.Build.0 = Debug|iPhoneSimulator
		{0D4BBA6C-F3F9-4C6E-A979-6B8A94029356}.Release|Any CPU.ActiveCfg = Debug|iPhoneSimulator
		{0D4BBA6C-F3F9-4C6E-A979-6B8A94029356}.Release|Any CPU.Build.0 = Debug|iPhoneSimulator
		{0D4BBA6C-F3F9-4C6E-A979-6B8A94029356}.Debug|iPhoneSimulator.ActiveCfg = Debug|iPhoneSimulator
		{0D4BBA6C-F3F9-4C6E-A979-6B8A94029356}.Debug|iPhoneSimulator.Build.0 = Debug|iPhoneSimulator
		{0D4BBA6C-F3F9-4C6E-A979-6B8A94029356}.Release|iPhone.ActiveCfg = Release|iPhone
		{0D4BBA6C-F3F9-4C6E-A979-6B8A94029356}.Release|iPhone.Build.0 = Release|iPhone
		{0D4BBA6C-F3F9-4C6E-A979-6B8A94029356}.Release|iPhoneSimulator.ActiveCfg = Release|iPhoneSimulator
		{0D4BBA6C-F3F9-4C6E-A979-6B8A94029356}.Release|iPhoneSimulator.Build.0 = Release|iPhoneSimulator
		{0D4BBA6C-F3F9-4C6E-A979-6B8A94029356}.Debug|iPhone.ActiveCfg = Debug|iPhone
		{0D4BBA6C-F3F9-4C6E-A979-6B8A94029356}.Debug|iPhone.Build.0 = Debug|iPhone
		{B49673FD-8BB6-4A33-AEB9-2B0F02F24183}.Debug|Any CPU.ActiveCfg = Debug|Any CPU
		{B49673FD-8BB6-4A33-AEB9-2B0F02F24183}.Debug|Any CPU.Build.0 = Debug|Any CPU
		{B49673FD-8BB6-4A33-AEB9-2B0F02F24183}.Release|Any CPU.ActiveCfg = Release|Any CPU
		{B49673FD-8BB6-4A33-AEB9-2B0F02F24183}.Release|Any CPU.Build.0 = Release|Any CPU
		{B49673FD-8BB6-4A33-AEB9-2B0F02F24183}.Debug|iPhoneSimulator.ActiveCfg = Debug|Any CPU
		{B49673FD-8BB6-4A33-AEB9-2B0F02F24183}.Debug|iPhoneSimulator.Build.0 = Debug|Any CPU
		{B49673FD-8BB6-4A33-AEB9-2B0F02F24183}.Release|iPhone.ActiveCfg = Release|Any CPU
		{B49673FD-8BB6-4A33-AEB9-2B0F02F24183}.Release|iPhone.Build.0 = Release|Any CPU
		{B49673FD-8BB6-4A33-AEB9-2B0F02F24183}.Release|iPhoneSimulator.ActiveCfg = Release|Any CPU
		{B49673FD-8BB6-4A33-AEB9-2B0F02F24183}.Release|iPhoneSimulator.Build.0 = Release|Any CPU
		{B49673FD-8BB6-4A33-AEB9-2B0F02F24183}.Debug|iPhone.ActiveCfg = Debug|Any CPU
		{B49673FD-8BB6-4A33-AEB9-2B0F02F24183}.Debug|iPhone.Build.0 = Debug|Any CPU
	EndGlobalSection
EndGlobal
